
Microsoft Visual Studio Solution File, Format Version 12.00
# Visual Studio Version 17
VisualStudioVersion = 17.5.33424.131
MinimumVisualStudioVersion = 10.0.40219.1
Project("{9A19103F-16F7-4668-BE54-9A1E7A4F7556}") = "OBLIGATORIO1_P3.LOGICANEGOCIO", "OBLIGATORIO1_P3.LOGICANEGOCIO\OBLIGATORIO1_P3.LOGICANEGOCIO.csproj", "{D0DB24C1-41EE-427B-A949-EF15C9D9F5F8}"
EndProject
Project("{9A19103F-16F7-4668-BE54-9A1E7A4F7556}") = "OBLIGATORIO1_P3.ACCESODATOS", "OBLIGATORIO1_P3.ACCESODATOS\OBLIGATORIO1_P3.ACCESODATOS.csproj", "{20099A6D-B9F8-49A0-A829-D2A4D9FCD849}"
EndProject
Project("{9A19103F-16F7-4668-BE54-9A1E7A4F7556}") = "OBLIGATORIO1_P3.APLICACION", "OBLIGATORIO1_P3.APLICACION\OBLIGATORIO1_P3.APLICACION.csproj", "{1356B05B-0C61-4CE6-B633-4E20C560C484}"
EndProject
Project("{9A19103F-16F7-4668-BE54-9A1E7A4F7556}") = "OBLIGATORIO2_P3.WEB_API", "OBLIGATORIO2_P3.WEB_API\OBLIGATORIO2_P3.WEB_API.csproj", "{2F8E782E-9224-408F-8BA2-EA66082DACF0}"
EndProject
Global
	GlobalSection(SolutionConfigurationPlatforms) = preSolution
		Debug|Any CPU = Debug|Any CPU
		Release|Any CPU = Release|Any CPU
	EndGlobalSection
	GlobalSection(ProjectConfigurationPlatforms) = postSolution
		{D0DB24C1-41EE-427B-A949-EF15C9D9F5F8}.Debug|Any CPU.ActiveCfg = Debug|Any CPU
		{D0DB24C1-41EE-427B-A949-EF15C9D9F5F8}.Debug|Any CPU.Build.0 = Debug|Any CPU
		{D0DB24C1-41EE-427B-A949-EF15C9D9F5F8}.Release|Any CPU.ActiveCfg = Release|Any CPU
		{D0DB24C1-41EE-427B-A949-EF15C9D9F5F8}.Release|Any CPU.Build.0 = Release|Any CPU
		{20099A6D-B9F8-49A0-A829-D2A4D9FCD849}.Debug|Any CPU.ActiveCfg = Debug|Any CPU
		{20099A6D-B9F8-49A0-A829-D2A4D9FCD849}.Debug|Any CPU.Build.0 = Debug|Any CPU
		{20099A6D-B9F8-49A0-A829-D2A4D9FCD849}.Release|Any CPU.ActiveCfg = Release|Any CPU
		{20099A6D-B9F8-49A0-A829-D2A4D9FCD849}.Release|Any CPU.Build.0 = Release|Any CPU
		{1356B05B-0C61-4CE6-B633-4E20C560C484}.Debug|Any CPU.ActiveCfg = Debug|Any CPU
		{1356B05B-0C61-4CE6-B633-4E20C560C484}.Debug|Any CPU.Build.0 = Debug|Any CPU
		{1356B05B-0C61-4CE6-B633-4E20C560C484}.Release|Any CPU.ActiveCfg = Release|Any CPU
		{1356B05B-0C61-4CE6-B633-4E20C560C484}.Release|Any CPU.Build.0 = Release|Any CPU
		{2F8E782E-9224-408F-8BA2-EA66082DACF0}.Debug|Any CPU.ActiveCfg = Debug|Any CPU
		{2F8E782E-9224-408F-8BA2-EA66082DACF0}.Debug|Any CPU.Build.0 = Debug|Any CPU
		{2F8E782E-9224-408F-8BA2-EA66082DACF0}.Release|Any CPU.ActiveCfg = Release|Any CPU
		{2F8E782E-9224-408F-8BA2-EA66082DACF0}.Release|Any CPU.Build.0 = Release|Any CPU
	EndGlobalSection
	GlobalSection(SolutionProperties) = preSolution
		HideSolutionNode = FALSE
	EndGlobalSection
	GlobalSection(ExtensibilityGlobals) = postSolution
		SolutionGuid = {473B4A81-6E2D-4A51-A2CA-68F6321FDF40}
	EndGlobalSection
EndGlobal
